// !$*UTF8*$!
{
	archiveVersion = 1;
	classes = {
	};
	objectVersion = 48;
	objects = {

/* Begin PBXBuildFile section */
		091751ED2047AE1D00EA1462 /* Maze.swift in Sources */ = {isa = PBXBuildFile; fileRef = 091751EC2047AE1D00EA1462 /* Maze.swift */; };
		091751EF2047AF9A00EA1462 /* MatrixController.swift in Sources */ = {isa = PBXBuildFile; fileRef = 091751EE2047AF9A00EA1462 /* MatrixController.swift */; };
		09227740203A43C400105838 /* AppDelegate.swift in Sources */ = {isa = PBXBuildFile; fileRef = 0922773F203A43C400105838 /* AppDelegate.swift */; };
		09227742203A43C500105838 /* ViewController.swift in Sources */ = {isa = PBXBuildFile; fileRef = 09227741203A43C500105838 /* ViewController.swift */; };
		09227745203A43C500105838 /* Main.storyboard in Resources */ = {isa = PBXBuildFile; fileRef = 09227743203A43C500105838 /* Main.storyboard */; };
		09227748203A43C500105838 /* Maze.xcdatamodeld in Sources */ = {isa = PBXBuildFile; fileRef = 09227746203A43C500105838 /* Maze.xcdatamodeld */; };
		0922774A203A43C500105838 /* Assets.xcassets in Resources */ = {isa = PBXBuildFile; fileRef = 09227749203A43C500105838 /* Assets.xcassets */; };
		0922774D203A43C500105838 /* LaunchScreen.storyboard in Resources */ = {isa = PBXBuildFile; fileRef = 0922774B203A43C500105838 /* LaunchScreen.storyboard */; };
		09A117ED20466ED200084339 /* CameraController.swift in Sources */ = {isa = PBXBuildFile; fileRef = 09A117EC20466ED200084339 /* CameraController.swift */; };
		09A117EF2046803600084339 /* PreviewController.swift in Sources */ = {isa = PBXBuildFile; fileRef = 09A117EE2046803600084339 /* PreviewController.swift */; };
/* End PBXBuildFile section */

/* Begin PBXFileReference section */
		091751EC2047AE1D00EA1462 /* Maze.swift */ = {isa = PBXFileReference; lastKnownFileType = sourcecode.swift; path = Maze.swift; sourceTree = "<group>"; };
		091751EE2047AF9A00EA1462 /* MatrixController.swift */ = {isa = PBXFileReference; lastKnownFileType = sourcecode.swift; path = MatrixController.swift; sourceTree = "<group>"; };
		0922773C203A43C400105838 /* Maze.app */ = {isa = PBXFileReference; explicitFileType = wrapper.application; includeInIndex = 0; path = Maze.app; sourceTree = BUILT_PRODUCTS_DIR; };
		0922773F203A43C400105838 /* AppDelegate.swift */ = {isa = PBXFileReference; lastKnownFileType = sourcecode.swift; path = AppDelegate.swift; sourceTree = "<group>"; };
		09227741203A43C500105838 /* ViewController.swift */ = {isa = PBXFileReference; lastKnownFileType = sourcecode.swift; path = ViewController.swift; sourceTree = "<group>"; };
		09227744203A43C500105838 /* Base */ = {isa = PBXFileReference; lastKnownFileType = file.storyboard; name = Base; path = Base.lproj/Main.storyboard; sourceTree = "<group>"; };
		09227747203A43C500105838 /* Maze.xcdatamodel */ = {isa = PBXFileReference; lastKnownFileType = wrapper.xcdatamodel; path = Maze.xcdatamodel; sourceTree = "<group>"; };
		09227749203A43C500105838 /* Assets.xcassets */ = {isa = PBXFileReference; lastKnownFileType = folder.assetcatalog; path = Assets.xcassets; sourceTree = "<group>"; };
		0922774C203A43C500105838 /* Base */ = {isa = PBXFileReference; lastKnownFileType = file.storyboard; name = Base; path = Base.lproj/LaunchScreen.storyboard; sourceTree = "<group>"; };
		0922774E203A43C500105838 /* Info.plist */ = {isa = PBXFileReference; lastKnownFileType = text.plist.xml; path = Info.plist; sourceTree = "<group>"; };
		09A117EC20466ED200084339 /* CameraController.swift */ = {isa = PBXFileReference; lastKnownFileType = sourcecode.swift; path = CameraController.swift; sourceTree = "<group>"; };
		09A117EE2046803600084339 /* PreviewController.swift */ = {isa = PBXFileReference; lastKnownFileType = sourcecode.swift; path = PreviewController.swift; sourceTree = "<group>"; };
/* End PBXFileReference section */

/* Begin PBXFrameworksBuildPhase section */
		09227739203A43C400105838 /* Frameworks */ = {
			isa = PBXFrameworksBuildPhase;
			buildActionMask = 2147483647;
			files = (
			);
			runOnlyForDeploymentPostprocessing = 0;
		};
/* End PBXFrameworksBuildPhase section */

/* Begin PBXGroup section */
		09227733203A43C400105838 = {
			isa = PBXGroup;
			children = (
				0922773E203A43C400105838 /* Maze */,
				0922773D203A43C400105838 /* Products */,
			);
			sourceTree = "<group>";
		};
		0922773D203A43C400105838 /* Products */ = {
			isa = PBXGroup;
			children = (
				0922773C203A43C400105838 /* Maze.app */,
			);
			name = Products;
			sourceTree = "<group>";
		};
		0922773E203A43C400105838 /* Maze */ = {
			isa = PBXGroup;
			children = (
				0922773F203A43C400105838 /* AppDelegate.swift */,
				09227741203A43C500105838 /* ViewController.swift */,
				091751EC2047AE1D00EA1462 /* Maze.swift */,
				09A117EE2046803600084339 /* PreviewController.swift */,
				091751EE2047AF9A00EA1462 /* MatrixController.swift */,
				09A117EC20466ED200084339 /* CameraController.swift */,
				09227743203A43C500105838 /* Main.storyboard */,
				09227749203A43C500105838 /* Assets.xcassets */,
				0922774B203A43C500105838 /* LaunchScreen.storyboard */,
				0922774E203A43C500105838 /* Info.plist */,
				09227746203A43C500105838 /* Maze.xcdatamodeld */,
			);
			path = Maze;
			sourceTree = "<group>";
		};
/* End PBXGroup section */

/* Begin PBXNativeTarget section */
		0922773B203A43C400105838 /* Maze */ = {
			isa = PBXNativeTarget;
			buildConfigurationList = 09227751203A43C500105838 /* Build configuration list for PBXNativeTarget "Maze" */;
			buildPhases = (
				09227738203A43C400105838 /* Sources */,
				09227739203A43C400105838 /* Frameworks */,
				0922773A203A43C400105838 /* Resources */,
			);
			buildRules = (
			);
			dependencies = (
			);
			name = Maze;
			productName = Maze;
			productReference = 0922773C203A43C400105838 /* Maze.app */;
			productType = "com.apple.product-type.application";
		};
/* End PBXNativeTarget section */

/* Begin PBXProject section */
		09227734203A43C400105838 /* Project object */ = {
			isa = PBXProject;
			attributes = {
				LastSwiftUpdateCheck = 0920;
				LastUpgradeCheck = 0920;
				ORGANIZATIONNAME = "Zixiang Liu";
				TargetAttributes = {
					0922773B203A43C400105838 = {
						CreatedOnToolsVersion = 9.2;
						ProvisioningStyle = Automatic;
					};
				};
			};
			buildConfigurationList = 09227737203A43C400105838 /* Build configuration list for PBXProject "Maze" */;
			compatibilityVersion = "Xcode 8.0";
			developmentRegion = en;
			hasScannedForEncodings = 0;
			knownRegions = (
				en,
				Base,
			);
			mainGroup = 09227733203A43C400105838;
			productRefGroup = 0922773D203A43C400105838 /* Products */;
			projectDirPath = "";
			projectRoot = "";
			targets = (
				0922773B203A43C400105838 /* Maze */,
			);
		};
/* End PBXProject section */

/* Begin PBXResourcesBuildPhase section */
		0922773A203A43C400105838 /* Resources */ = {
			isa = PBXResourcesBuildPhase;
			buildActionMask = 2147483647;
			files = (
				0922774D203A43C500105838 /* LaunchScreen.storyboard in Resources */,
				0922774A203A43C500105838 /* Assets.xcassets in Resources */,
				09227745203A43C500105838 /* Main.storyboard in Resources */,
			);
			runOnlyForDeploymentPostprocessing = 0;
		};
/* End PBXResourcesBuildPhase section */

/* Begin PBXSourcesBuildPhase section */
		09227738203A43C400105838 /* Sources */ = {
			isa = PBXSourcesBuildPhase;
			buildActionMask = 2147483647;
			files = (
				091751EF2047AF9A00EA1462 /* MatrixController.swift in Sources */,
				09227748203A43C500105838 /* Maze.xcdatamodeld in Sources */,
				09227742203A43C500105838 /* ViewController.swift in Sources */,
				091751ED2047AE1D00EA1462 /* Maze.swift in Sources */,
				09A117ED20466ED200084339 /* CameraController.swift in Sources */,
				09A117EF2046803600084339 /* PreviewController.swift in Sources */,
				09227740203A43C400105838 /* AppDelegate.swift in Sources */,
			);
			runOnlyForDeploymentPostprocessing = 0;
		};
/* End PBXSourcesBuildPhase section */

/* Begin PBXVariantGroup section */
		09227743203A43C500105838 /* Main.storyboard */ = {
			isa = PBXVariantGroup;
			children = (
				09227744203A43C500105838 /* Base */,
			);
			name = Main.storyboard;
			sourceTree = "<group>";
		};
		0922774B203A43C500105838 /* LaunchScreen.storyboard */ = {
			isa = PBXVariantGroup;
			children = (
				0922774C203A43C500105838 /* Base */,
			);
			name = LaunchScreen.storyboard;
			sourceTree = "<group>";
		};
/* End PBXVariantGroup section */

/* Begin XCBuildConfiguration section */
		0922774F203A43C500105838 /* Debug */ = {
			isa = XCBuildConfiguration;
			buildSettings = {
				ALWAYS_SEARCH_USER_PATHS = NO;
				CLANG_ANALYZER_NONNULL = YES;
				CLANG_ANALYZER_NUMBER_OBJECT_CONVERSION = YES_AGGRESSIVE;
				CLANG_CXX_LANGUAGE_STANDARD = "gnu++14";
				CLANG_CXX_LIBRARY = "libc++";
				CLANG_ENABLE_MODULES = YES;
				CLANG_ENABLE_OBJC_ARC = YES;
				CLANG_WARN_BLOCK_CAPTURE_AUTORELEASING = YES;
				CLANG_WARN_BOOL_CONVERSION = YES;
				CLANG_WARN_COMMA = YES;
				CLANG_WARN_CONSTANT_CONVERSION = YES;
				CLANG_WARN_DIRECT_OBJC_ISA_USAGE = YES_ERROR;
				CLANG_WARN_DOCUMENTATION_COMMENTS = YES;
				CLANG_WARN_EMPTY_BODY = YES;
				CLANG_WARN_ENUM_CONVERSION = YES;
				CLANG_WARN_INFINITE_RECURSION = YES;
				CLANG_WARN_INT_CONVERSION = YES;
				CLANG_WARN_NON_LITERAL_NULL_CONVERSION = YES;
				CLANG_WARN_OBJC_LITERAL_CONVERSION = YES;
				CLANG_WARN_OBJC_ROOT_CLASS = YES_ERROR;
				CLANG_WARN_RANGE_LOOP_ANALYSIS = YES;
				CLANG_WARN_STRICT_PROTOTYPES = YES;
				CLANG_WARN_SUSPICIOUS_MOVE = YES;
				CLANG_WARN_UNGUARDED_AVAILABILITY = YES_AGGRESSIVE;
				CLANG_WARN_UNREACHABLE_CODE = YES;
				CLANG_WARN__DUPLICATE_METHOD_MATCH = YES;
				CODE_SIGN_IDENTITY = "iPhone Developer";
				COPY_PHASE_STRIP = NO;
				DEBUG_INFORMATION_FORMAT = dwarf;
				ENABLE_STRICT_OBJC_MSGSEND = YES;
				ENABLE_TESTABILITY = YES;
				GCC_C_LANGUAGE_STANDARD = gnu11;
				GCC_DYNAMIC_NO_PIC = NO;
				GCC_NO_COMMON_BLOCKS = YES;
				GCC_OPTIMIZATION_LEVEL = 0;
				GCC_PREPROCESSOR_DEFINITIONS = (
					"DEBUG=1",
					"$(inherited)",
				);
				GCC_WARN_64_TO_32_BIT_CONVERSION = YES;
				GCC_WARN_ABOUT_RETURN_TYPE = YES_ERROR;
				GCC_WARN_UNDECLARED_SELECTOR = YES;
				GCC_WARN_UNINITIALIZED_AUTOS = YES_AGGRESSIVE;
				GCC_WARN_UNUSED_FUNCTION = YES;
				GCC_WARN_UNUSED_VARIABLE = YES;
				IPHONEOS_DEPLOYMENT_TARGET = 11.2;
				MTL_ENABLE_DEBUG_INFO = YES;
				ONLY_ACTIVE_ARCH = YES;
				SDKROOT = iphoneos;
				SWIFT_ACTIVE_COMPILATION_CONDITIONS = DEBUG;
				SWIFT_OPTIMIZATION_LEVEL = "-Onone";
			};
			name = Debug;
		};
		09227750203A43C500105838 /* Release */ = {
			isa = XCBuildConfiguration;
			buildSettings = {
				ALWAYS_SEARCH_USER_PATHS = NO;
				CLANG_ANALYZER_NONNULL = YES;
				CLANG_ANALYZER_NUMBER_OBJECT_CONVERSION = YES_AGGRESSIVE;
				CLANG_CXX_LANGUAGE_STANDARD = "gnu++14";
				CLANG_CXX_LIBRARY = "libc++";
				CLANG_ENABLE_MODULES = YES;
				CLANG_ENABLE_OBJC_ARC = YES;
				CLANG_WARN_BLOCK_CAPTURE_AUTORELEASING = YES;
				CLANG_WARN_BOOL_CONVERSION = YES;
				CLANG_WARN_COMMA = YES;
				CLANG_WARN_CONSTANT_CONVERSION = YES;
				CLANG_WARN_DIRECT_OBJC_ISA_USAGE = YES_ERROR;
				CLANG_WARN_DOCUMENTATION_COMMENTS = YES;
				CLANG_WARN_EMPTY_BODY = YES;
				CLANG_WARN_ENUM_CONVERSION = YES;
				CLANG_WARN_INFINITE_RECURSION = YES;
				CLANG_WARN_INT_CONVERSION = YES;
				CLANG_WARN_NON_LITERAL_NULL_CONVERSION = YES;
				CLANG_WARN_OBJC_LITERAL_CONVERSION = YES;
				CLANG_WARN_OBJC_ROOT_CLASS = YES_ERROR;
				CLANG_WARN_RANGE_LOOP_ANALYSIS = YES;
				CLANG_WARN_STRICT_PROTOTYPES = YES;
				CLANG_WARN_SUSPICIOUS_MOVE = YES;
				CLANG_WARN_UNGUARDED_AVAILABILITY = YES_AGGRESSIVE;
				CLANG_WARN_UNREACHABLE_CODE = YES;
				CLANG_WARN__DUPLICATE_METHOD_MATCH = YES;
				CODE_SIGN_IDENTITY = "iPhone Developer";
				COPY_PHASE_STRIP = NO;
				DEBUG_INFORMATION_FORMAT = "dwarf-with-dsym";
				ENABLE_NS_ASSERTIONS = NO;
				ENABLE_STRICT_OBJC_MSGSEND = YES;
				GCC_C_LANGUAGE_STANDARD = gnu11;
				GCC_NO_COMMON_BLOCKS = YES;
				GCC_WARN_64_TO_32_BIT_CONVERSION = YES;
				GCC_WARN_ABOUT_RETURN_TYPE = YES_ERROR;
				GCC_WARN_UNDECLARED_SELECTOR = YES;
				GCC_WARN_UNINITIALIZED_AUTOS = YES_AGGRESSIVE;
				GCC_WARN_UNUSED_FUNCTION = YES;
				GCC_WARN_UNUSED_VARIABLE = YES;
				IPHONEOS_DEPLOYMENT_TARGET = 11.2;
				MTL_ENABLE_DEBUG_INFO = NO;
				SDKROOT = iphoneos;
				SWIFT_OPTIMIZATION_LEVEL = "-Owholemodule";
				VALIDATE_PRODUCT = YES;
			};
			name = Release;
		};
		09227752203A43C500105838 /* Debug */ = {
			isa = XCBuildConfiguration;
			buildSettings = {
				ASSETCATALOG_COMPILER_APPICON_NAME = AppIcon;
				CODE_SIGN_STYLE = Automatic;
				DEVELOPMENT_TEAM = MPX36E2JA7;
				INFOPLIST_FILE = Maze/Info.plist;
				LD_RUNPATH_SEARCH_PATHS = "$(inherited) @executable_path/Frameworks";
				PRODUCT_BUNDLE_IDENTIFIER = "University-of-Rochester.Maze";
				PRODUCT_NAME = "$(TARGET_NAME)";
				SWIFT_VERSION = 4.0;
				TARGETED_DEVICE_FAMILY = "1,2";
			};
			name = Debug;
		};
		09227753203A43C500105838 /* Release */ = {
			isa = XCBuildConfiguration;
			buildSettings = {
				ASSETCATALOG_COMPILER_APPICON_NAME = AppIcon;
				CODE_SIGN_STYLE = Automatic;
				DEVELOPMENT_TEAM = MPX36E2JA7;
				INFOPLIST_FILE = Maze/Info.plist;
				LD_RUNPATH_SEARCH_PATHS = "$(inherited) @executable_path/Frameworks";
				PRODUCT_BUNDLE_IDENTIFIER = "University-of-Rochester.Maze";
				PRODUCT_NAME = "$(TARGET_NAME)";
				SWIFT_VERSION = 4.0;
				TARGETED_DEVICE_FAMILY = "1,2";
			};
			name = Release;
		};
/* End XCBuildConfiguration section */

/* Begin XCConfigurationList section */
		09227737203A43C400105838 /* Build configuration list for PBXProject "Maze" */ = {
			isa = XCConfigurationList;
			buildConfigurations = (
				0922774F203A43C500105838 /* Debug */,
				09227750203A43C500105838 /* Release */,
			);
			defaultConfigurationIsVisible = 0;
			defaultConfigurationName = Release;
		};
		09227751203A43C500105838 /* Build configuration list for PBXNativeTarget "Maze" */ = {
			isa = XCConfigurationList;
			buildConfigurations = (
				09227752203A43C500105838 /* Debug */,
				09227753203A43C500105838 /* Release */,
			);
			defaultConfigurationIsVisible = 0;
			defaultConfigurationName = Release;
		};
/* End XCConfigurationList section */

/* Begin XCVersionGroup section */
		09227746203A43C500105838 /* Maze.xcdatamodeld */ = {
			isa = XCVersionGroup;
			children = (
				09227747203A43C500105838 /* Maze.xcdatamodel */,
			);
			currentVersion = 09227747203A43C500105838 /* Maze.xcdatamodel */;
			path = Maze.xcdatamodeld;
			sourceTree = "<group>";
			versionGroupType = wrapper.xcdatamodel;
		};
/* End XCVersionGroup section */
	};
	rootObject = 09227734203A43C400105838 /* Project object */;
}
